
Microsoft Visual Studio Solution File, Format Version 12.00
# Visual Studio Version 16
VisualStudioVersion = 16.0.32228.343
MinimumVisualStudioVersion = 10.0.40219.1
Project("{8BC9CEB8-8B4A-11D0-8D11-00A0C91BC942}") = "Hoja05 - Estructuras repetitivas (FORMAS)", "Hoja05 - Estructuras repetitivas (FORMAS).vcxproj", "{4916BBBA-59B0-4529-BEFD-0447D598338B}"
EndProject
Project("{8BC9CEB8-8B4A-11D0-8D11-00A0C91BC942}") = "Hoja05 - Ejercicio02", "Hoja05 - Ejercicio02\Hoja05 - Ejercicio02.vcxproj", "{C2D09C1D-B4D2-4806-AE68-6C8CD555BFDA}"
EndProject
Project("{8BC9CEB8-8B4A-11D0-8D11-00A0C91BC942}") = "Hoja05 - Ejercicio03", "Hoja05 - Ejercicio03\Hoja05 - Ejercicio03.vcxproj", "{0788D570-6930-4FCF-8A6B-AA4571A7A88B}"
EndProject
Project("{8BC9CEB8-8B4A-11D0-8D11-00A0C91BC942}") = "Hoja05 - Ejercicio04", "Hoja05 - Ejercicio04\Hoja05 - Ejercicio04.vcxproj", "{D703662B-D73F-4FF7-A2BF-CF8E2B5BAFC4}"
EndProject
Project("{8BC9CEB8-8B4A-11D0-8D11-00A0C91BC942}") = "Hoja05 - Ejercicio05", "Hoja05 - Ejercicio05\Hoja05 - Ejercicio05.vcxproj", "{A1712029-CDA6-4EDE-8F16-A44DB4057D40}"
EndProject
Project("{8BC9CEB8-8B4A-11D0-8D11-00A0C91BC942}") = "Hoja05 - Ejercicio06", "Hoja05 - Ejercicio06\Hoja05 - Ejercicio06.vcxproj", "{4A9DFCB5-7B63-4033-9E7A-FDD7843CFA2B}"
EndProject
Project("{8BC9CEB8-8B4A-11D0-8D11-00A0C91BC942}") = "Hoja05 - EjercicioROMBO", "Hoja05 - EjercicioROMBO\Hoja05 - EjercicioROMBO.vcxproj", "{A23082A7-7C13-448C-8797-13472573A525}"
EndProject
Project("{8BC9CEB8-8B4A-11D0-8D11-00A0C91BC942}") = "Hoja05 - Ejercicio07", "Hoja05 - Ejercicio07\Hoja05 - Ejercicio07.vcxproj", "{40B908ED-EAC7-4909-910D-7B5E002D15D0}"
EndProject
Project("{8BC9CEB8-8B4A-11D0-8D11-00A0C91BC942}") = "Hoja05 - Ejercicio08", "Hoja05 - Ejercicio08\Hoja05 - Ejercicio08.vcxproj", "{4C1F609C-6F6C-41AE-9AD1-7595A1459DD5}"
EndProject
Project("{8BC9CEB8-8B4A-11D0-8D11-00A0C91BC942}") = "Hoja05 - Ejercicio09", "Hoja05 - Ejercicio09\Hoja05 - Ejercicio09.vcxproj", "{628EBC51-0486-408D-8383-19C32624A6DF}"
EndProject
Project("{8BC9CEB8-8B4A-11D0-8D11-00A0C91BC942}") = "Hoja05 - Ejercicio10", "Hoja05 - Ejercicio10\Hoja05 - Ejercicio10.vcxproj", "{96BE355C-C866-49C3-9FF1-D6D50F18FAFA}"
EndProject
Project("{8BC9CEB8-8B4A-11D0-8D11-00A0C91BC942}") = "Hoja05 - Ejercicio11", "Hoja05 - Ejercicio11\Hoja05 - Ejercicio11.vcxproj", "{A8B03CCD-2388-450F-9D5F-8B1B6FF6CB9F}"
EndProject
Project("{8BC9CEB8-8B4A-11D0-8D11-00A0C91BC942}") = "Hoja05 - Ejercicio12", "Hoja05 - Ejercicio12\Hoja05 - Ejercicio12.vcxproj", "{E08DB8D8-09A2-45BE-A76D-1F54A933E45C}"
EndProject
Project("{8BC9CEB8-8B4A-11D0-8D11-00A0C91BC942}") = "Figuras_EJERCICIORANDOM", "..\..\RepasoParcial - PRACTICA\Figuras_EJERCICIORANDOM\Figuras_EJERCICIORANDOM.vcxproj", "{853D50DD-31C9-4145-B1B8-EE9DFD26B384}"
EndProject
Project("{8BC9CEB8-8B4A-11D0-8D11-00A0C91BC942}") = "FIGURA CON LETRAS", "..\..\RepasoParcial - PRACTICA\FIGURA CON LETRAS\FIGURA CON LETRAS.vcxproj", "{2B879D02-ACB5-451C-B893-C229C96DD159}"
EndProject
Global
	GlobalSection(SolutionConfigurationPlatforms) = preSolution
		Debug|x64 = Debug|x64
		Debug|x86 = Debug|x86
		Release|x64 = Release|x64
		Release|x86 = Release|x86
	EndGlobalSection
	GlobalSection(ProjectConfigurationPlatforms) = postSolution
		{4916BBBA-59B0-4529-BEFD-0447D598338B}.Debug|x64.ActiveCfg = Debug|x64
		{4916BBBA-59B0-4529-BEFD-0447D598338B}.Debug|x64.Build.0 = Debug|x64
		{4916BBBA-59B0-4529-BEFD-0447D598338B}.Debug|x86.ActiveCfg = Debug|Win32
		{4916BBBA-59B0-4529-BEFD-0447D598338B}.Debug|x86.Build.0 = Debug|Win32
		{4916BBBA-59B0-4529-BEFD-0447D598338B}.Release|x64.ActiveCfg = Release|x64
		{4916BBBA-59B0-4529-BEFD-0447D598338B}.Release|x64.Build.0 = Release|x64
		{4916BBBA-59B0-4529-BEFD-0447D598338B}.Release|x86.ActiveCfg = Release|Win32
		{4916BBBA-59B0-4529-BEFD-0447D598338B}.Release|x86.Build.0 = Release|Win32
		{C2D09C1D-B4D2-4806-AE68-6C8CD555BFDA}.Debug|x64.ActiveCfg = Debug|x64
		{C2D09C1D-B4D2-4806-AE68-6C8CD555BFDA}.Debug|x64.Build.0 = Debug|x64
		{C2D09C1D-B4D2-4806-AE68-6C8CD555BFDA}.Debug|x86.ActiveCfg = Debug|Win32
		{C2D09C1D-B4D2-4806-AE68-6C8CD555BFDA}.Debug|x86.Build.0 = Debug|Win32
		{C2D09C1D-B4D2-4806-AE68-6C8CD555BFDA}.Release|x64.ActiveCfg = Release|x64
		{C2D09C1D-B4D2-4806-AE68-6C8CD555BFDA}.Release|x64.Build.0 = Release|x64
		{C2D09C1D-B4D2-4806-AE68-6C8CD555BFDA}.Release|x86.ActiveCfg = Release|Win32
		{C2D09C1D-B4D2-4806-AE68-6C8CD555BFDA}.Release|x86.Build.0 = Release|Win32
		{0788D570-6930-4FCF-8A6B-AA4571A7A88B}.Debug|x64.ActiveCfg = Debug|x64
		{0788D570-6930-4FCF-8A6B-AA4571A7A88B}.Debug|x64.Build.0 = Debug|x64
		{0788D570-6930-4FCF-8A6B-AA4571A7A88B}.Debug|x86.ActiveCfg = Debug|Win32
		{0788D570-6930-4FCF-8A6B-AA4571A7A88B}.Debug|x86.Build.0 = Debug|Win32
		{0788D570-6930-4FCF-8A6B-AA4571A7A88B}.Release|x64.ActiveCfg = Release|x64
		{0788D570-6930-4FCF-8A6B-AA4571A7A88B}.Release|x64.Build.0 = Release|x64
		{0788D570-6930-4FCF-8A6B-AA4571A7A88B}.Release|x86.ActiveCfg = Release|Win32
		{0788D570-6930-4FCF-8A6B-AA4571A7A88B}.Release|x86.Build.0 = Release|Win32
		{D703662B-D73F-4FF7-A2BF-CF8E2B5BAFC4}.Debug|x64.ActiveCfg = Debug|x64
		{D703662B-D73F-4FF7-A2BF-CF8E2B5BAFC4}.Debug|x64.Build.0 = Debug|x64
		{D703662B-D73F-4FF7-A2BF-CF8E2B5BAFC4}.Debug|x86.ActiveCfg = Debug|Win32
		{D703662B-D73F-4FF7-A2BF-CF8E2B5BAFC4}.Debug|x86.Build.0 = Debug|Win32
		{D703662B-D73F-4FF7-A2BF-CF8E2B5BAFC4}.Release|x64.ActiveCfg = Release|x64
		{D703662B-D73F-4FF7-A2BF-CF8E2B5BAFC4}.Release|x64.Build.0 = Release|x64
		{D703662B-D73F-4FF7-A2BF-CF8E2B5BAFC4}.Release|x86.ActiveCfg = Release|Win32
		{D703662B-D73F-4FF7-A2BF-CF8E2B5BAFC4}.Release|x86.Build.0 = Release|Win32
		{A1712029-CDA6-4EDE-8F16-A44DB4057D40}.Debug|x64.ActiveCfg = Debug|x64
		{A1712029-CDA6-4EDE-8F16-A44DB4057D40}.Debug|x64.Build.0 = Debug|x64
		{A1712029-CDA6-4EDE-8F16-A44DB4057D40}.Debug|x86.ActiveCfg = Debug|Win32
		{A1712029-CDA6-4EDE-8F16-A44DB4057D40}.Debug|x86.Build.0 = Debug|Win32
		{A1712029-CDA6-4EDE-8F16-A44DB4057D40}.Release|x64.ActiveCfg = Release|x64
		{A1712029-CDA6-4EDE-8F16-A44DB4057D40}.Release|x64.Build.0 = Release|x64
		{A1712029-CDA6-4EDE-8F16-A44DB4057D40}.Release|x86.ActiveCfg = Release|Win32
		{A1712029-CDA6-4EDE-8F16-A44DB4057D40}.Release|x86.Build.0 = Release|Win32
		{4A9DFCB5-7B63-4033-9E7A-FDD7843CFA2B}.Debug|x64.ActiveCfg = Debug|x64
		{4A9DFCB5-7B63-4033-9E7A-FDD7843CFA2B}.Debug|x64.Build.0 = Debug|x64
		{4A9DFCB5-7B63-4033-9E7A-FDD7843CFA2B}.Debug|x86.ActiveCfg = Debug|Win32
		{4A9DFCB5-7B63-4033-9E7A-FDD7843CFA2B}.Debug|x86.Build.0 = Debug|Win32
		{4A9DFCB5-7B63-4033-9E7A-FDD7843CFA2B}.Release|x64.ActiveCfg = Release|x64
		{4A9DFCB5-7B63-4033-9E7A-FDD7843CFA2B}.Release|x64.Build.0 = Release|x64
		{4A9DFCB5-7B63-4033-9E7A-FDD7843CFA2B}.Release|x86.ActiveCfg = Release|Win32
		{4A9DFCB5-7B63-4033-9E7A-FDD7843CFA2B}.Release|x86.Build.0 = Release|Win32
		{A23082A7-7C13-448C-8797-13472573A525}.Debug|x64.ActiveCfg = Debug|x64
		{A23082A7-7C13-448C-8797-13472573A525}.Debug|x64.Build.0 = Debug|x64
		{A23082A7-7C13-448C-8797-13472573A525}.Debug|x86.ActiveCfg = Debug|Win32
		{A23082A7-7C13-448C-8797-13472573A525}.Debug|x86.Build.0 = Debug|Win32
		{A23082A7-7C13-448C-8797-13472573A525}.Release|x64.ActiveCfg = Release|x64
		{A23082A7-7C13-448C-8797-13472573A525}.Release|x64.Build.0 = Release|x64
		{A23082A7-7C13-448C-8797-13472573A525}.Release|x86.ActiveCfg = Release|Win32
		{A23082A7-7C13-448C-8797-13472573A525}.Release|x86.Build.0 = Release|Win32
		{40B908ED-EAC7-4909-910D-7B5E002D15D0}.Debug|x64.ActiveCfg = Debug|x64
		{40B908ED-EAC7-4909-910D-7B5E002D15D0}.Debug|x64.Build.0 = Debug|x64
		{40B908ED-EAC7-4909-910D-7B5E002D15D0}.Debug|x86.ActiveCfg = Debug|Win32
		{40B908ED-EAC7-4909-910D-7B5E002D15D0}.Debug|x86.Build.0 = Debug|Win32
		{40B908ED-EAC7-4909-910D-7B5E002D15D0}.Release|x64.ActiveCfg = Release|x64
		{40B908ED-EAC7-4909-910D-7B5E002D15D0}.Release|x64.Build.0 = Release|x64
		{40B908ED-EAC7-4909-910D-7B5E002D15D0}.Release|x86.ActiveCfg = Release|Win32
		{40B908ED-EAC7-4909-910D-7B5E002D15D0}.Release|x86.Build.0 = Release|Win32
		{4C1F609C-6F6C-41AE-9AD1-7595A1459DD5}.Debug|x64.ActiveCfg = Debug|x64
		{4C1F609C-6F6C-41AE-9AD1-7595A1459DD5}.Debug|x64.Build.0 = Debug|x64
		{4C1F609C-6F6C-41AE-9AD1-7595A1459DD5}.Debug|x86.ActiveCfg = Debug|Win32
		{4C1F609C-6F6C-41AE-9AD1-7595A1459DD5}.Debug|x86.Build.0 = Debug|Win32
		{4C1F609C-6F6C-41AE-9AD1-7595A1459DD5}.Release|x64.ActiveCfg = Release|x64
		{4C1F609C-6F6C-41AE-9AD1-7595A1459DD5}.Release|x64.Build.0 = Release|x64
		{4C1F609C-6F6C-41AE-9AD1-7595A1459DD5}.Release|x86.ActiveCfg = Release|Win32
		{4C1F609C-6F6C-41AE-9AD1-7595A1459DD5}.Release|x86.Build.0 = Release|Win32
		{628EBC51-0486-408D-8383-19C32624A6DF}.Debug|x64.ActiveCfg = Debug|x64
		{628EBC51-0486-408D-8383-19C32624A6DF}.Debug|x64.Build.0 = Debug|x64
		{628EBC51-0486-408D-8383-19C32624A6DF}.Debug|x86.ActiveCfg = Debug|Win32
		{628EBC51-0486-408D-8383-19C32624A6DF}.Debug|x86.Build.0 = Debug|Win32
		{628EBC51-0486-408D-8383-19C32624A6DF}.Release|x64.ActiveCfg = Release|x64
		{628EBC51-0486-408D-8383-19C32624A6DF}.Release|x64.Build.0 = Release|x64
		{628EBC51-0486-408D-8383-19C32624A6DF}.Release|x86.ActiveCfg = Release|Win32
		{628EBC51-0486-408D-8383-19C32624A6DF}.Release|x86.Build.0 = Release|Win32
		{96BE355C-C866-49C3-9FF1-D6D50F18FAFA}.Debug|x64.ActiveCfg = Debug|x64
		{96BE355C-C866-49C3-9FF1-D6D50F18FAFA}.Debug|x64.Build.0 = Debug|x64
		{96BE355C-C866-49C3-9FF1-D6D50F18FAFA}.Debug|x86.ActiveCfg = Debug|Win32
		{96BE355C-C866-49C3-9FF1-D6D50F18FAFA}.Debug|x86.Build.0 = Debug|Win32
		{96BE355C-C866-49C3-9FF1-D6D50F18FAFA}.Release|x64.ActiveCfg = Release|x64
		{96BE355C-C866-49C3-9FF1-D6D50F18FAFA}.Release|x64.Build.0 = Release|x64
		{96BE355C-C866-49C3-9FF1-D6D50F18FAFA}.Release|x86.ActiveCfg = Release|Win32
		{96BE355C-C866-49C3-9FF1-D6D50F18FAFA}.Release|x86.Build.0 = Release|Win32
		{A8B03CCD-2388-450F-9D5F-8B1B6FF6CB9F}.Debug|x64.ActiveCfg = Debug|x64
		{A8B03CCD-2388-450F-9D5F-8B1B6FF6CB9F}.Debug|x64.Build.0 = Debug|x64
		{A8B03CCD-2388-450F-9D5F-8B1B6FF6CB9F}.Debug|x86.ActiveCfg = Debug|Win32
		{A8B03CCD-2388-450F-9D5F-8B1B6FF6CB9F}.Debug|x86.Build.0 = Debug|Win32
		{A8B03CCD-2388-450F-9D5F-8B1B6FF6CB9F}.Release|x64.ActiveCfg = Release|x64
		{A8B03CCD-2388-450F-9D5F-8B1B6FF6CB9F}.Release|x64.Build.0 = Release|x64
		{A8B03CCD-2388-450F-9D5F-8B1B6FF6CB9F}.Release|x86.ActiveCfg = Release|Win32
		{A8B03CCD-2388-450F-9D5F-8B1B6FF6CB9F}.Release|x86.Build.0 = Release|Win32
		{E08DB8D8-09A2-45BE-A76D-1F54A933E45C}.Debug|x64.ActiveCfg = Debug|x64
		{E08DB8D8-09A2-45BE-A76D-1F54A933E45C}.Debug|x64.Build.0 = Debug|x64
		{E08DB8D8-09A2-45BE-A76D-1F54A933E45C}.Debug|x86.ActiveCfg = Debug|Win32
		{E08DB8D8-09A2-45BE-A76D-1F54A933E45C}.Debug|x86.Build.0 = Debug|Win32
		{E08DB8D8-09A2-45BE-A76D-1F54A933E45C}.Release|x64.ActiveCfg = Release|x64
		{E08DB8D8-09A2-45BE-A76D-1F54A933E45C}.Release|x64.Build.0 = Release|x64
		{E08DB8D8-09A2-45BE-A76D-1F54A933E45C}.Release|x86.ActiveCfg = Release|Win32
		{E08DB8D8-09A2-45BE-A76D-1F54A933E45C}.Release|x86.Build.0 = Release|Win32
		{853D50DD-31C9-4145-B1B8-EE9DFD26B384}.Debug|x64.ActiveCfg = Debug|x64
		{853D50DD-31C9-4145-B1B8-EE9DFD26B384}.Debug|x64.Build.0 = Debug|x64
		{853D50DD-31C9-4145-B1B8-EE9DFD26B384}.Debug|x86.ActiveCfg = Debug|Win32
		{853D50DD-31C9-4145-B1B8-EE9DFD26B384}.Debug|x86.Build.0 = Debug|Win32
		{853D50DD-31C9-4145-B1B8-EE9DFD26B384}.Release|x64.ActiveCfg = Release|x64
		{853D50DD-31C9-4145-B1B8-EE9DFD26B384}.Release|x64.Build.0 = Release|x64
		{853D50DD-31C9-4145-B1B8-EE9DFD26B384}.Release|x86.ActiveCfg = Release|Win32
		{853D50DD-31C9-4145-B1B8-EE9DFD26B384}.Release|x86.Build.0 = Release|Win32
		{2B879D02-ACB5-451C-B893-C229C96DD159}.Debug|x64.ActiveCfg = Debug|x64
		{2B879D02-ACB5-451C-B893-C229C96DD159}.Debug|x64.Build.0 = Debug|x64
		{2B879D02-ACB5-451C-B893-C229C96DD159}.Debug|x86.ActiveCfg = Debug|Win32
		{2B879D02-ACB5-451C-B893-C229C96DD159}.Debug|x86.Build.0 = Debug|Win32
		{2B879D02-ACB5-451C-B893-C229C96DD159}.Release|x64.ActiveCfg = Release|x64
		{2B879D02-ACB5-451C-B893-C229C96DD159}.Release|x64.Build.0 = Release|x64
		{2B879D02-ACB5-451C-B893-C229C96DD159}.Release|x86.ActiveCfg = Release|Win32
		{2B879D02-ACB5-451C-B893-C229C96DD159}.Release|x86.Build.0 = Release|Win32
	EndGlobalSection
	GlobalSection(SolutionProperties) = preSolution
		HideSolutionNode = FALSE
	EndGlobalSection
	GlobalSection(ExtensibilityGlobals) = postSolution
		SolutionGuid = {404052D4-2E69-4A4D-84E5-06808D01AF2A}
	EndGlobalSection
EndGlobal
