
Microsoft Visual Studio Solution File, Format Version 12.00
# Visual Studio Version 16
VisualStudioVersion = 16.0.32228.343
MinimumVisualStudioVersion = 10.0.40219.1
Project("{8BC9CEB8-8B4A-11D0-8D11-00A0C91BC942}") = "Hoja01 - Estructuras repetitivas", "Hoja01 - Estructuras repetitivas.vcxproj", "{338F9A9E-046C-4E7A-BF21-940E30F86EF2}"
EndProject
Project("{8BC9CEB8-8B4A-11D0-8D11-00A0C91BC942}") = "Hoja01 - Ejercicio02", "Hoja01 - Ejercicio02\Hoja01 - Ejercicio02.vcxproj", "{5EDCC088-7509-40B4-8152-614DF38165A3}"
EndProject
Project("{8BC9CEB8-8B4A-11D0-8D11-00A0C91BC942}") = "Hoja01 - Ejercicio03", "Project1\Project1.vcxproj", "{3206383F-E185-462C-9F80-7C15530875E0}"
EndProject
Project("{8BC9CEB8-8B4A-11D0-8D11-00A0C91BC942}") = "Hoja01 - Ejercicio04", "Hoja01 - Ejercicio04\Hoja01 - Ejercicio04.vcxproj", "{62749AB4-FE73-48F0-8880-0302928EA5D9}"
EndProject
Project("{8BC9CEB8-8B4A-11D0-8D11-00A0C91BC942}") = "Hoja01 - Ejercicio05", "Hoja01 - Ejercicio05\Hoja01 - Ejercicio05.vcxproj", "{DB8C5AB9-5ECA-4C8F-AB7E-9A0188B3A127}"
EndProject
Project("{8BC9CEB8-8B4A-11D0-8D11-00A0C91BC942}") = "Hoja01 - Ejercicio06", "Hoja01 - Ejercicio06\Hoja01 - Ejercicio06.vcxproj", "{AC9E8E78-D773-42CA-8266-E61672276AAB}"
EndProject
Project("{8BC9CEB8-8B4A-11D0-8D11-00A0C91BC942}") = "Hoja01 - Ejercicio07", "Hoja01 - Ejercicio07\Hoja01 - Ejercicio07.vcxproj", "{224AE445-77D1-481E-990D-398190FAEA00}"
EndProject
Project("{8BC9CEB8-8B4A-11D0-8D11-00A0C91BC942}") = "Hoja01 - Ejercicio08", "Hoja01 - Ejercicio08\Hoja01 - Ejercicio08.vcxproj", "{0A9254C1-1E25-4664-803D-5CC7F629154F}"
EndProject
Project("{8BC9CEB8-8B4A-11D0-8D11-00A0C91BC942}") = "Hoja01 - Ejercicio09", "Hoja01 - Ejercicio09\Hoja01 - Ejercicio09.vcxproj", "{35153656-3DEE-4BCB-9132-2AA2FFFF4014}"
EndProject
Project("{8BC9CEB8-8B4A-11D0-8D11-00A0C91BC942}") = "Hoja01 - Ejercicio10", "Hoja01 - Ejercicio10\Hoja01 - Ejercicio10.vcxproj", "{C9437BCC-9ED0-46B0-B87D-6EC9EF304ACE}"
EndProject
Project("{8BC9CEB8-8B4A-11D0-8D11-00A0C91BC942}") = "Hoja01 - Ejercicio11", "Hoja01 - Ejercicio11\Hoja01 - Ejercicio11.vcxproj", "{A290BA2A-286E-4396-8D60-C1D4F0512741}"
EndProject
Project("{8BC9CEB8-8B4A-11D0-8D11-00A0C91BC942}") = "Hoja01 -Ejercicio12", "Hoja01 -Ejercicio12\Hoja01 -Ejercicio12.vcxproj", "{467C86D5-9F16-479B-827B-5FC601F09A62}"
EndProject
Project("{8BC9CEB8-8B4A-11D0-8D11-00A0C91BC942}") = "Hoja01 - Ejercicio13", "Hoja01 - Ejercicio13\Hoja01 - Ejercicio13.vcxproj", "{614CA832-A106-4820-97A8-06855F711411}"
EndProject
Project("{8BC9CEB8-8B4A-11D0-8D11-00A0C91BC942}") = "Hoja01  - Ejercicio15", "Hoja01  - Ejercicio15\Hoja01  - Ejercicio15.vcxproj", "{2586CADF-E9CD-4232-A19F-1FE88DEE7FD7}"
EndProject
Project("{8BC9CEB8-8B4A-11D0-8D11-00A0C91BC942}") = "Hoja01 - Ejercicio14", "Hoja01 - Ejercicio14\Hoja01 - Ejercicio14.vcxproj", "{19ADD2E4-E846-4361-8CD8-B7212AC2A89A}"
EndProject
Project("{8BC9CEB8-8B4A-11D0-8D11-00A0C91BC942}") = "Hoja01 - Ejercicio16", "Hoja01 - Ejercicio16\Hoja01 - Ejercicio16.vcxproj", "{36787ACA-44FA-46F7-B20C-E65FE6831FD0}"
EndProject
Project("{8BC9CEB8-8B4A-11D0-8D11-00A0C91BC942}") = "Hoja01 - Ejercicio 17", "Hoja01 - Ejercicio 17\Hoja01 - Ejercicio 17.vcxproj", "{E58E56A1-BCB6-41FB-B6B0-2006A7DC4EA7}"
EndProject
Global
	GlobalSection(SolutionConfigurationPlatforms) = preSolution
		Debug|x64 = Debug|x64
		Debug|x86 = Debug|x86
		Release|x64 = Release|x64
		Release|x86 = Release|x86
	EndGlobalSection
	GlobalSection(ProjectConfigurationPlatforms) = postSolution
		{338F9A9E-046C-4E7A-BF21-940E30F86EF2}.Debug|x64.ActiveCfg = Debug|x64
		{338F9A9E-046C-4E7A-BF21-940E30F86EF2}.Debug|x64.Build.0 = Debug|x64
		{338F9A9E-046C-4E7A-BF21-940E30F86EF2}.Debug|x86.ActiveCfg = Debug|Win32
		{338F9A9E-046C-4E7A-BF21-940E30F86EF2}.Debug|x86.Build.0 = Debug|Win32
		{338F9A9E-046C-4E7A-BF21-940E30F86EF2}.Release|x64.ActiveCfg = Release|x64
		{338F9A9E-046C-4E7A-BF21-940E30F86EF2}.Release|x64.Build.0 = Release|x64
		{338F9A9E-046C-4E7A-BF21-940E30F86EF2}.Release|x86.ActiveCfg = Release|Win32
		{338F9A9E-046C-4E7A-BF21-940E30F86EF2}.Release|x86.Build.0 = Release|Win32
		{5EDCC088-7509-40B4-8152-614DF38165A3}.Debug|x64.ActiveCfg = Debug|x64
		{5EDCC088-7509-40B4-8152-614DF38165A3}.Debug|x64.Build.0 = Debug|x64
		{5EDCC088-7509-40B4-8152-614DF38165A3}.Debug|x86.ActiveCfg = Debug|Win32
		{5EDCC088-7509-40B4-8152-614DF38165A3}.Debug|x86.Build.0 = Debug|Win32
		{5EDCC088-7509-40B4-8152-614DF38165A3}.Release|x64.ActiveCfg = Release|x64
		{5EDCC088-7509-40B4-8152-614DF38165A3}.Release|x64.Build.0 = Release|x64
		{5EDCC088-7509-40B4-8152-614DF38165A3}.Release|x86.ActiveCfg = Release|Win32
		{5EDCC088-7509-40B4-8152-614DF38165A3}.Release|x86.Build.0 = Release|Win32
		{3206383F-E185-462C-9F80-7C15530875E0}.Debug|x64.ActiveCfg = Debug|x64
		{3206383F-E185-462C-9F80-7C15530875E0}.Debug|x64.Build.0 = Debug|x64
		{3206383F-E185-462C-9F80-7C15530875E0}.Debug|x86.ActiveCfg = Debug|Win32
		{3206383F-E185-462C-9F80-7C15530875E0}.Debug|x86.Build.0 = Debug|Win32
		{3206383F-E185-462C-9F80-7C15530875E0}.Release|x64.ActiveCfg = Release|x64
		{3206383F-E185-462C-9F80-7C15530875E0}.Release|x64.Build.0 = Release|x64
		{3206383F-E185-462C-9F80-7C15530875E0}.Release|x86.ActiveCfg = Release|Win32
		{3206383F-E185-462C-9F80-7C15530875E0}.Release|x86.Build.0 = Release|Win32
		{62749AB4-FE73-48F0-8880-0302928EA5D9}.Debug|x64.ActiveCfg = Debug|x64
		{62749AB4-FE73-48F0-8880-0302928EA5D9}.Debug|x64.Build.0 = Debug|x64
		{62749AB4-FE73-48F0-8880-0302928EA5D9}.Debug|x86.ActiveCfg = Debug|Win32
		{62749AB4-FE73-48F0-8880-0302928EA5D9}.Debug|x86.Build.0 = Debug|Win32
		{62749AB4-FE73-48F0-8880-0302928EA5D9}.Release|x64.ActiveCfg = Release|x64
		{62749AB4-FE73-48F0-8880-0302928EA5D9}.Release|x64.Build.0 = Release|x64
		{62749AB4-FE73-48F0-8880-0302928EA5D9}.Release|x86.ActiveCfg = Release|Win32
		{62749AB4-FE73-48F0-8880-0302928EA5D9}.Release|x86.Build.0 = Release|Win32
		{DB8C5AB9-5ECA-4C8F-AB7E-9A0188B3A127}.Debug|x64.ActiveCfg = Debug|x64
		{DB8C5AB9-5ECA-4C8F-AB7E-9A0188B3A127}.Debug|x64.Build.0 = Debug|x64
		{DB8C5AB9-5ECA-4C8F-AB7E-9A0188B3A127}.Debug|x86.ActiveCfg = Debug|Win32
		{DB8C5AB9-5ECA-4C8F-AB7E-9A0188B3A127}.Debug|x86.Build.0 = Debug|Win32
		{DB8C5AB9-5ECA-4C8F-AB7E-9A0188B3A127}.Release|x64.ActiveCfg = Release|x64
		{DB8C5AB9-5ECA-4C8F-AB7E-9A0188B3A127}.Release|x64.Build.0 = Release|x64
		{DB8C5AB9-5ECA-4C8F-AB7E-9A0188B3A127}.Release|x86.ActiveCfg = Release|Win32
		{DB8C5AB9-5ECA-4C8F-AB7E-9A0188B3A127}.Release|x86.Build.0 = Release|Win32
		{AC9E8E78-D773-42CA-8266-E61672276AAB}.Debug|x64.ActiveCfg = Debug|x64
		{AC9E8E78-D773-42CA-8266-E61672276AAB}.Debug|x64.Build.0 = Debug|x64
		{AC9E8E78-D773-42CA-8266-E61672276AAB}.Debug|x86.ActiveCfg = Debug|Win32
		{AC9E8E78-D773-42CA-8266-E61672276AAB}.Debug|x86.Build.0 = Debug|Win32
		{AC9E8E78-D773-42CA-8266-E61672276AAB}.Release|x64.ActiveCfg = Release|x64
		{AC9E8E78-D773-42CA-8266-E61672276AAB}.Release|x64.Build.0 = Release|x64
		{AC9E8E78-D773-42CA-8266-E61672276AAB}.Release|x86.ActiveCfg = Release|Win32
		{AC9E8E78-D773-42CA-8266-E61672276AAB}.Release|x86.Build.0 = Release|Win32
		{224AE445-77D1-481E-990D-398190FAEA00}.Debug|x64.ActiveCfg = Debug|x64
		{224AE445-77D1-481E-990D-398190FAEA00}.Debug|x64.Build.0 = Debug|x64
		{224AE445-77D1-481E-990D-398190FAEA00}.Debug|x86.ActiveCfg = Debug|Win32
		{224AE445-77D1-481E-990D-398190FAEA00}.Debug|x86.Build.0 = Debug|Win32
		{224AE445-77D1-481E-990D-398190FAEA00}.Release|x64.ActiveCfg = Release|x64
		{224AE445-77D1-481E-990D-398190FAEA00}.Release|x64.Build.0 = Release|x64
		{224AE445-77D1-481E-990D-398190FAEA00}.Release|x86.ActiveCfg = Release|Win32
		{224AE445-77D1-481E-990D-398190FAEA00}.Release|x86.Build.0 = Release|Win32
		{0A9254C1-1E25-4664-803D-5CC7F629154F}.Debug|x64.ActiveCfg = Debug|x64
		{0A9254C1-1E25-4664-803D-5CC7F629154F}.Debug|x64.Build.0 = Debug|x64
		{0A9254C1-1E25-4664-803D-5CC7F629154F}.Debug|x86.ActiveCfg = Debug|Win32
		{0A9254C1-1E25-4664-803D-5CC7F629154F}.Debug|x86.Build.0 = Debug|Win32
		{0A9254C1-1E25-4664-803D-5CC7F629154F}.Release|x64.ActiveCfg = Release|x64
		{0A9254C1-1E25-4664-803D-5CC7F629154F}.Release|x64.Build.0 = Release|x64
		{0A9254C1-1E25-4664-803D-5CC7F629154F}.Release|x86.ActiveCfg = Release|Win32
		{0A9254C1-1E25-4664-803D-5CC7F629154F}.Release|x86.Build.0 = Release|Win32
		{35153656-3DEE-4BCB-9132-2AA2FFFF4014}.Debug|x64.ActiveCfg = Debug|x64
		{35153656-3DEE-4BCB-9132-2AA2FFFF4014}.Debug|x64.Build.0 = Debug|x64
		{35153656-3DEE-4BCB-9132-2AA2FFFF4014}.Debug|x86.ActiveCfg = Debug|Win32
		{35153656-3DEE-4BCB-9132-2AA2FFFF4014}.Debug|x86.Build.0 = Debug|Win32
		{35153656-3DEE-4BCB-9132-2AA2FFFF4014}.Release|x64.ActiveCfg = Release|x64
		{35153656-3DEE-4BCB-9132-2AA2FFFF4014}.Release|x64.Build.0 = Release|x64
		{35153656-3DEE-4BCB-9132-2AA2FFFF4014}.Release|x86.ActiveCfg = Release|Win32
		{35153656-3DEE-4BCB-9132-2AA2FFFF4014}.Release|x86.Build.0 = Release|Win32
		{C9437BCC-9ED0-46B0-B87D-6EC9EF304ACE}.Debug|x64.ActiveCfg = Debug|x64
		{C9437BCC-9ED0-46B0-B87D-6EC9EF304ACE}.Debug|x64.Build.0 = Debug|x64
		{C9437BCC-9ED0-46B0-B87D-6EC9EF304ACE}.Debug|x86.ActiveCfg = Debug|Win32
		{C9437BCC-9ED0-46B0-B87D-6EC9EF304ACE}.Debug|x86.Build.0 = Debug|Win32
		{C9437BCC-9ED0-46B0-B87D-6EC9EF304ACE}.Release|x64.ActiveCfg = Release|x64
		{C9437BCC-9ED0-46B0-B87D-6EC9EF304ACE}.Release|x64.Build.0 = Release|x64
		{C9437BCC-9ED0-46B0-B87D-6EC9EF304ACE}.Release|x86.ActiveCfg = Release|Win32
		{C9437BCC-9ED0-46B0-B87D-6EC9EF304ACE}.Release|x86.Build.0 = Release|Win32
		{A290BA2A-286E-4396-8D60-C1D4F0512741}.Debug|x64.ActiveCfg = Debug|x64
		{A290BA2A-286E-4396-8D60-C1D4F0512741}.Debug|x64.Build.0 = Debug|x64
		{A290BA2A-286E-4396-8D60-C1D4F0512741}.Debug|x86.ActiveCfg = Debug|Win32
		{A290BA2A-286E-4396-8D60-C1D4F0512741}.Debug|x86.Build.0 = Debug|Win32
		{A290BA2A-286E-4396-8D60-C1D4F0512741}.Release|x64.ActiveCfg = Release|x64
		{A290BA2A-286E-4396-8D60-C1D4F0512741}.Release|x64.Build.0 = Release|x64
		{A290BA2A-286E-4396-8D60-C1D4F0512741}.Release|x86.ActiveCfg = Release|Win32
		{A290BA2A-286E-4396-8D60-C1D4F0512741}.Release|x86.Build.0 = Release|Win32
		{467C86D5-9F16-479B-827B-5FC601F09A62}.Debug|x64.ActiveCfg = Debug|x64
		{467C86D5-9F16-479B-827B-5FC601F09A62}.Debug|x64.Build.0 = Debug|x64
		{467C86D5-9F16-479B-827B-5FC601F09A62}.Debug|x86.ActiveCfg = Debug|Win32
		{467C86D5-9F16-479B-827B-5FC601F09A62}.Debug|x86.Build.0 = Debug|Win32
		{467C86D5-9F16-479B-827B-5FC601F09A62}.Release|x64.ActiveCfg = Release|x64
		{467C86D5-9F16-479B-827B-5FC601F09A62}.Release|x64.Build.0 = Release|x64
		{467C86D5-9F16-479B-827B-5FC601F09A62}.Release|x86.ActiveCfg = Release|Win32
		{467C86D5-9F16-479B-827B-5FC601F09A62}.Release|x86.Build.0 = Release|Win32
		{614CA832-A106-4820-97A8-06855F711411}.Debug|x64.ActiveCfg = Debug|x64
		{614CA832-A106-4820-97A8-06855F711411}.Debug|x64.Build.0 = Debug|x64
		{614CA832-A106-4820-97A8-06855F711411}.Debug|x86.ActiveCfg = Debug|Win32
		{614CA832-A106-4820-97A8-06855F711411}.Debug|x86.Build.0 = Debug|Win32
		{614CA832-A106-4820-97A8-06855F711411}.Release|x64.ActiveCfg = Release|x64
		{614CA832-A106-4820-97A8-06855F711411}.Release|x64.Build.0 = Release|x64
		{614CA832-A106-4820-97A8-06855F711411}.Release|x86.ActiveCfg = Release|Win32
		{614CA832-A106-4820-97A8-06855F711411}.Release|x86.Build.0 = Release|Win32
		{2586CADF-E9CD-4232-A19F-1FE88DEE7FD7}.Debug|x64.ActiveCfg = Debug|x64
		{2586CADF-E9CD-4232-A19F-1FE88DEE7FD7}.Debug|x64.Build.0 = Debug|x64
		{2586CADF-E9CD-4232-A19F-1FE88DEE7FD7}.Debug|x86.ActiveCfg = Debug|Win32
		{2586CADF-E9CD-4232-A19F-1FE88DEE7FD7}.Debug|x86.Build.0 = Debug|Win32
		{2586CADF-E9CD-4232-A19F-1FE88DEE7FD7}.Release|x64.ActiveCfg = Release|x64
		{2586CADF-E9CD-4232-A19F-1FE88DEE7FD7}.Release|x64.Build.0 = Release|x64
		{2586CADF-E9CD-4232-A19F-1FE88DEE7FD7}.Release|x86.ActiveCfg = Release|Win32
		{2586CADF-E9CD-4232-A19F-1FE88DEE7FD7}.Release|x86.Build.0 = Release|Win32
		{19ADD2E4-E846-4361-8CD8-B7212AC2A89A}.Debug|x64.ActiveCfg = Debug|x64
		{19ADD2E4-E846-4361-8CD8-B7212AC2A89A}.Debug|x64.Build.0 = Debug|x64
		{19ADD2E4-E846-4361-8CD8-B7212AC2A89A}.Debug|x86.ActiveCfg = Debug|Win32
		{19ADD2E4-E846-4361-8CD8-B7212AC2A89A}.Debug|x86.Build.0 = Debug|Win32
		{19ADD2E4-E846-4361-8CD8-B7212AC2A89A}.Release|x64.ActiveCfg = Release|x64
		{19ADD2E4-E846-4361-8CD8-B7212AC2A89A}.Release|x64.Build.0 = Release|x64
		{19ADD2E4-E846-4361-8CD8-B7212AC2A89A}.Release|x86.ActiveCfg = Release|Win32
		{19ADD2E4-E846-4361-8CD8-B7212AC2A89A}.Release|x86.Build.0 = Release|Win32
		{36787ACA-44FA-46F7-B20C-E65FE6831FD0}.Debug|x64.ActiveCfg = Debug|x64
		{36787ACA-44FA-46F7-B20C-E65FE6831FD0}.Debug|x64.Build.0 = Debug|x64
		{36787ACA-44FA-46F7-B20C-E65FE6831FD0}.Debug|x86.ActiveCfg = Debug|Win32
		{36787ACA-44FA-46F7-B20C-E65FE6831FD0}.Debug|x86.Build.0 = Debug|Win32
		{36787ACA-44FA-46F7-B20C-E65FE6831FD0}.Release|x64.ActiveCfg = Release|x64
		{36787ACA-44FA-46F7-B20C-E65FE6831FD0}.Release|x64.Build.0 = Release|x64
		{36787ACA-44FA-46F7-B20C-E65FE6831FD0}.Release|x86.ActiveCfg = Release|Win32
		{36787ACA-44FA-46F7-B20C-E65FE6831FD0}.Release|x86.Build.0 = Release|Win32
		{E58E56A1-BCB6-41FB-B6B0-2006A7DC4EA7}.Debug|x64.ActiveCfg = Debug|x64
		{E58E56A1-BCB6-41FB-B6B0-2006A7DC4EA7}.Debug|x64.Build.0 = Debug|x64
		{E58E56A1-BCB6-41FB-B6B0-2006A7DC4EA7}.Debug|x86.ActiveCfg = Debug|Win32
		{E58E56A1-BCB6-41FB-B6B0-2006A7DC4EA7}.Debug|x86.Build.0 = Debug|Win32
		{E58E56A1-BCB6-41FB-B6B0-2006A7DC4EA7}.Release|x64.ActiveCfg = Release|x64
		{E58E56A1-BCB6-41FB-B6B0-2006A7DC4EA7}.Release|x64.Build.0 = Release|x64
		{E58E56A1-BCB6-41FB-B6B0-2006A7DC4EA7}.Release|x86.ActiveCfg = Release|Win32
		{E58E56A1-BCB6-41FB-B6B0-2006A7DC4EA7}.Release|x86.Build.0 = Release|Win32
	EndGlobalSection
	GlobalSection(SolutionProperties) = preSolution
		HideSolutionNode = FALSE
	EndGlobalSection
	GlobalSection(ExtensibilityGlobals) = postSolution
		SolutionGuid = {AD8AFB64-1426-4029-8595-5AD0284A6DE8}
	EndGlobalSection
EndGlobal
